// !$*UTF8*$!
{
	archiveVersion = 1;
	classes = {
	};
	objectVersion = 77;
	objects = {

/* Begin PBXContainerItemProxy section */
		0BD6E9B42E501BBF003B334B /* PBXContainerItemProxy */ = {
			isa = PBXContainerItemProxy;
			containerPortal = 0BD6E99C2E501BBE003B334B /* Project object */;
			proxyType = 1;
			remoteGlobalIDString = 0BD6E9A32E501BBE003B334B;
			remoteInfo = multisiteprobe;
		};
		0BD6E9BE2E501BBF003B334B /* PBXContainerItemProxy */ = {
			isa = PBXContainerItemProxy;
			containerPortal = 0BD6E99C2E501BBE003B334B /* Project object */;
			proxyType = 1;
			remoteGlobalIDString = 0BD6E9A32E501BBE003B334B;
			remoteInfo = multisiteprobe;
		};
/* End PBXContainerItemProxy section */

/* Begin PBXFileReference section */
		0BD6E9A42E501BBE003B334B /* multisiteprobe.app */ = {isa = PBXFileReference; explicitFileType = wrapper.application; includeInIndex = 0; path = multisiteprobe.app; sourceTree = BUILT_PRODUCTS_DIR; };
		0BD6E9B32E501BBF003B334B /* multisiteprobeTests.xctest */ = {isa = PBXFileReference; explicitFileType = wrapper.cfbundle; includeInIndex = 0; path = multisiteprobeTests.xctest; sourceTree = BUILT_PRODUCTS_DIR; };
		0BD6E9BD2E501BBF003B334B /* multisiteprobeUITests.xctest */ = {isa = PBXFileReference; explicitFileType = wrapper.cfbundle; includeInIndex = 0; path = multisiteprobeUITests.xctest; sourceTree = BUILT_PRODUCTS_DIR; };
/* End PBXFileReference section */

/* Begin PBXFileSystemSynchronizedRootGroup section */
		0BD6E9A62E501BBE003B334B /* multisiteprobe */ = {
			isa = PBXFileSystemSynchronizedRootGroup;
			path = multisiteprobe;
			sourceTree = "<group>";
		};
		0BD6E9B62E501BBF003B334B /* multisiteprobeTests */ = {
			isa = PBXFileSystemSynchronizedRootGroup;
			path = multisiteprobeTests;
			sourceTree = "<group>";
		};
		0BD6E9C02E501BBF003B334B /* multisiteprobeUITests */ = {
			isa = PBXFileSystemSynchronizedRootGroup;
			path = multisiteprobeUITests;
			sourceTree = "<group>";
		};
/* End PBXFileSystemSynchronizedRootGroup section */

/* Begin PBXFrameworksBuildPhase section */
		0BD6E9A12E501BBE003B334B /* Frameworks */ = {
			isa = PBXFrameworksBuildPhase;
			buildActionMask = 2147483647;
			files = (
			);
			runOnlyForDeploymentPostprocessing = 0;
		};
		0BD6E9B02E501BBF003B334B /* Frameworks */ = {
			isa = PBXFrameworksBuildPhase;
			buildActionMask = 2147483647;
			files = (
			);
			runOnlyForDeploymentPostprocessing = 0;
		};
		0BD6E9BA2E501BBF003B334B /* Frameworks */ = {
			isa = PBXFrameworksBuildPhase;
			buildActionMask = 2147483647;
			files = (
			);
			runOnlyForDeploymentPostprocessing = 0;
		};
/* End PBXFrameworksBuildPhase section */

/* Begin PBXGroup section */
		0BD6E99B2E501BBE003B334B = {
			isa = PBXGroup;
			children = (
				0BD6E9A62E501BBE003B334B /* multisiteprobe */,
				0BD6E9B62E501BBF003B334B /* multisiteprobeTests */,
				0BD6E9C02E501BBF003B334B /* multisiteprobeUITests */,
				0BD6E9A52E501BBE003B334B /* Products */,
			);
			sourceTree = "<group>";
		};
		0BD6E9A52E501BBE003B334B /* Products */ = {
			isa = PBXGroup;
			children = (
				0BD6E9A42E501BBE003B334B /* multisiteprobe.app */,
				0BD6E9B32E501BBF003B334B /* multisiteprobeTests.xctest */,
				0BD6E9BD2E501BBF003B334B /* multisiteprobeUITests.xctest */,
			);
			name = Products;
			sourceTree = "<group>";
		};
/* End PBXGroup section */

/* Begin PBXNativeTarget section */
		0BD6E9A32E501BBE003B334B /* multisiteprobe */ = {
			isa = PBXNativeTarget;
			buildConfigurationList = 0BD6E9C72E501BBF003B334B /* Build configuration list for PBXNativeTarget "multisiteprobe" */;
			buildPhases = (
				0BD6E9A02E501BBE003B334B /* Sources */,
				0BD6E9A12E501BBE003B334B /* Frameworks */,
				0BD6E9A22E501BBE003B334B /* Resources */,
			);
			buildRules = (
			);
			dependencies = (
			);
			fileSystemSynchronizedGroups = (
				0BD6E9A62E501BBE003B334B /* multisiteprobe */,
			);
			name = multisiteprobe;
			packageProductDependencies = (
			);
			productName = multisiteprobe;
			productReference = 0BD6E9A42E501BBE003B334B /* multisiteprobe.app */;
			productType = "com.apple.product-type.application";
		};
		0BD6E9B22E501BBF003B334B /* multisiteprobeTests */ = {
			isa = PBXNativeTarget;
			buildConfigurationList = 0BD6E9CA2E501BBF003B334B /* Build configuration list for PBXNativeTarget "multisiteprobeTests" */;
			buildPhases = (
				0BD6E9AF2E501BBF003B334B /* Sources */,
				0BD6E9B02E501BBF003B334B /* Frameworks */,
				0BD6E9B12E501BBF003B334B /* Resources */,
			);
			buildRules = (
			);
			dependencies = (
				0BD6E9B52E501BBF003B334B /* PBXTargetDependency */,
			);
			fileSystemSynchronizedGroups = (
				0BD6E9B62E501BBF003B334B /* multisiteprobeTests */,
			);
			name = multisiteprobeTests;
			packageProductDependencies = (
			);
			productName = multisiteprobeTests;
			productReference = 0BD6E9B32E501BBF003B334B /* multisiteprobeTests.xctest */;
			productType = "com.apple.product-type.bundle.unit-test";
		};
		0BD6E9BC2E501BBF003B334B /* multisiteprobeUITests */ = {
			isa = PBXNativeTarget;
			buildConfigurationList = 0BD6E9CD2E501BBF003B334B /* Build configuration list for PBXNativeTarget "multisiteprobeUITests" */;
			buildPhases = (
				0BD6E9B92E501BBF003B334B /* Sources */,
				0BD6E9BA2E501BBF003B334B /* Frameworks */,
				0BD6E9BB2E501BBF003B334B /* Resources */,
			);
			buildRules = (
			);
			dependencies = (
				0BD6E9BF2E501BBF003B334B /* PBXTargetDependency */,
			);
			fileSystemSynchronizedGroups = (
				0BD6E9C02E501BBF003B334B /* multisiteprobeUITests */,
			);
			name = multisiteprobeUITests;
			packageProductDependencies = (
			);
			productName = multisiteprobeUITests;
			productReference = 0BD6E9BD2E501BBF003B334B /* multisiteprobeUITests.xctest */;
			productType = "com.apple.product-type.bundle.ui-testing";
		};
/* End PBXNativeTarget section */

/* Begin PBXProject section */
		0BD6E99C2E501BBE003B334B /* Project object */ = {
			isa = PBXProject;
			attributes = {
				BuildIndependentTargetsInParallel = 1;
				LastSwiftUpdateCheck = 1640;
				LastUpgradeCheck = 1640;
				TargetAttributes = {
					0BD6E9A32E501BBE003B334B = {
						CreatedOnToolsVersion = 16.4;
					};
					0BD6E9B22E501BBF003B334B = {
						CreatedOnToolsVersion = 16.4;
						TestTargetID = 0BD6E9A32E501BBE003B334B;
					};
					0BD6E9BC2E501BBF003B334B = {
						CreatedOnToolsVersion = 16.4;
						TestTargetID = 0BD6E9A32E501BBE003B334B;
					};
				};
			};
			buildConfigurationList = 0BD6E99F2E501BBE003B334B /* Build configuration list for PBXProject "multisiteprobe" */;
			developmentRegion = en;
			hasScannedForEncodings = 0;
			knownRegions = (
				en,
				Base,
			);
			mainGroup = 0BD6E99B2E501BBE003B334B;
			minimizedProjectReferenceProxies = 1;
			preferredProjectObjectVersion = 77;
			productRefGroup = 0BD6E9A52E501BBE003B334B /* Products */;
			projectDirPath = "";
			projectRoot = "";
			targets = (
				0BD6E9A32E501BBE003B334B /* multisiteprobe */,
				0BD6E9B22E501BBF003B334B /* multisiteprobeTests */,
				0BD6E9BC2E501BBF003B334B /* multisiteprobeUITests */,
			);
		};
/* End PBXProject section */

/* Begin PBXResourcesBuildPhase section */
		0BD6E9A22E501BBE003B334B /* Resources */ = {
			isa = PBXResourcesBuildPhase;
			buildActionMask = 2147483647;
			files = (
			);
			runOnlyForDeploymentPostprocessing = 0;
		};
		0BD6E9B12E501BBF003B334B /* Resources */ = {
			isa = PBXResourcesBuildPhase;
			buildActionMask = 2147483647;
			files = (
			);
			runOnlyForDeploymentPostprocessing = 0;
		};
		0BD6E9BB2E501BBF003B334B /* Resources */ = {
			isa = PBXResourcesBuildPhase;
			buildActionMask = 2147483647;
			files = (
			);
			runOnlyForDeploymentPostprocessing = 0;
		};
/* End PBXResourcesBuildPhase section */

/* Begin PBXSourcesBuildPhase section */
		0BD6E9A02E501BBE003B334B /* Sources */ = {
			isa = PBXSourcesBuildPhase;
			buildActionMask = 2147483647;
			files = (
			);
			runOnlyForDeploymentPostprocessing = 0;
		};
		0BD6E9AF2E501BBF003B334B /* Sources */ = {
			isa = PBXSourcesBuildPhase;
			buildActionMask = 2147483647;
			files = (
			);
			runOnlyForDeploymentPostprocessing = 0;
		};
		0BD6E9B92E501BBF003B334B /* Sources */ = {
			isa = PBXSourcesBuildPhase;
			buildActionMask = 2147483647;
			files = (
			);
			runOnlyForDeploymentPostprocessing = 0;
		};
/* End PBXSourcesBuildPhase section */

/* Begin PBXTargetDependency section */
		0BD6E9B52E501BBF003B334B /* PBXTargetDependency */ = {
			isa = PBXTargetDependency;
			target = 0BD6E9A32E501BBE003B334B /* multisiteprobe */;
			targetProxy = 0BD6E9B42E501BBF003B334B /* PBXContainerItemProxy */;
		};
		0BD6E9BF2E501BBF003B334B /* PBXTargetDependency */ = {
			isa = PBXTargetDependency;
			target = 0BD6E9A32E501BBE003B334B /* multisiteprobe */;
			targetProxy = 0BD6E9BE2E501BBF003B334B /* PBXContainerItemProxy */;
		};
/* End PBXTargetDependency section */

/* Begin XCBuildConfiguration section */
		0BD6E9C52E501BBF003B334B /* Debug */ = {
			isa = XCBuildConfiguration;
			buildSettings = {
				ALWAYS_SEARCH_USER_PATHS = NO;
				ASSETCATALOG_COMPILER_GENERATE_SWIFT_ASSET_SYMBOL_EXTENSIONS = YES;
				CLANG_ANALYZER_NONNULL = YES;
				CLANG_ANALYZER_NUMBER_OBJECT_CONVERSION = YES_AGGRESSIVE;
				CLANG_CXX_LANGUAGE_STANDARD = "gnu++20";
				CLANG_ENABLE_MODULES = YES;
				CLANG_ENABLE_OBJC_ARC = YES;
				CLANG_ENABLE_OBJC_WEAK = YES;
				CLANG_WARN_BLOCK_CAPTURE_AUTORELEASING = YES;
				CLANG_WARN_BOOL_CONVERSION = YES;
				CLANG_WARN_COMMA = YES;
				CLANG_WARN_CONSTANT_CONVERSION = YES;
				CLANG_WARN_DEPRECATED_OBJC_IMPLEMENTATIONS = YES;
				CLANG_WARN_DIRECT_OBJC_ISA_USAGE = YES_ERROR;
				CLANG_WARN_DOCUMENTATION_COMMENTS = YES;
				CLANG_WARN_EMPTY_BODY = YES;
				CLANG_WARN_ENUM_CONVERSION = YES;
				CLANG_WARN_INFINITE_RECURSION = YES;
				CLANG_WARN_INT_CONVERSION = YES;
				CLANG_WARN_NON_LITERAL_NULL_CONVERSION = YES;
				CLANG_WARN_OBJC_IMPLICIT_RETAIN_SELF = YES;
				CLANG_WARN_OBJC_LITERAL_CONVERSION = YES;
				CLANG_WARN_OBJC_ROOT_CLASS = YES_ERROR;
				CLANG_WARN_QUOTED_INCLUDE_IN_FRAMEWORK_HEADER = YES;
				CLANG_WARN_RANGE_LOOP_ANALYSIS = YES;
				CLANG_WARN_STRICT_PROTOTYPES = YES;
				CLANG_WARN_SUSPICIOUS_MOVE = YES;
				CLANG_WARN_UNGUARDED_AVAILABILITY = YES_AGGRESSIVE;
				CLANG_WARN_UNREACHABLE_CODE = YES;
				CLANG_WARN__DUPLICATE_METHOD_MATCH = YES;
				COPY_PHASE_STRIP = NO;
				DEBUG_INFORMATION_FORMAT = dwarf;
				DEVELOPMENT_TEAM = 5N2QSWFYU6;
				ENABLE_STRICT_OBJC_MSGSEND = YES;
				ENABLE_TESTABILITY = YES;
				ENABLE_USER_SCRIPT_SANDBOXING = YES;
				GCC_C_LANGUAGE_STANDARD = gnu17;
				GCC_DYNAMIC_NO_PIC = NO;
				GCC_NO_COMMON_BLOCKS = YES;
				GCC_OPTIMIZATION_LEVEL = 0;
				GCC_PREPROCESSOR_DEFINITIONS = (
					"DEBUG=1",
					"$(inherited)",
				);
				GCC_WARN_64_TO_32_BIT_CONVERSION = YES;
				GCC_WARN_ABOUT_RETURN_TYPE = YES_ERROR;
				GCC_WARN_UNDECLARED_SELECTOR = YES;
				GCC_WARN_UNINITIALIZED_AUTOS = YES_AGGRESSIVE;
				GCC_WARN_UNUSED_FUNCTION = YES;
				GCC_WARN_UNUSED_VARIABLE = YES;
				IPHONEOS_DEPLOYMENT_TARGET = 18.5;
				LOCALIZATION_PREFERS_STRING_CATALOGS = YES;
				MTL_ENABLE_DEBUG_INFO = INCLUDE_SOURCE;
				MTL_FAST_MATH = YES;
				ONLY_ACTIVE_ARCH = YES;
				SDKROOT = iphoneos;
				SWIFT_ACTIVE_COMPILATION_CONDITIONS = "DEBUG $(inherited)";
				SWIFT_OPTIMIZATION_LEVEL = "-Onone";
			};
			name = Debug;
		};
		0BD6E9C62E501BBF003B334B /* Release */ = {
			isa = XCBuildConfiguration;
			buildSettings = {
				ALWAYS_SEARCH_USER_PATHS = NO;
				ASSETCATALOG_COMPILER_GENERATE_SWIFT_ASSET_SYMBOL_EXTENSIONS = YES;
				CLANG_ANALYZER_NONNULL = YES;
				CLANG_ANALYZER_NUMBER_OBJECT_CONVERSION = YES_AGGRESSIVE;
				CLANG_CXX_LANGUAGE_STANDARD = "gnu++20";
				CLANG_ENABLE_MODULES = YES;
				CLANG_ENABLE_OBJC_ARC = YES;
				CLANG_ENABLE_OBJC_WEAK = YES;
				CLANG_WARN_BLOCK_CAPTURE_AUTORELEASING = YES;
				CLANG_WARN_BOOL_CONVERSION = YES;
				CLANG_WARN_COMMA = YES;
				CLANG_WARN_CONSTANT_CONVERSION = YES;
				CLANG_WARN_DEPRECATED_OBJC_IMPLEMENTATIONS = YES;
				CLANG_WARN_DIRECT_OBJC_ISA_USAGE = YES_ERROR;
				CLANG_WARN_DOCUMENTATION_COMMENTS = YES;
				CLANG_WARN_EMPTY_BODY = YES;
				CLANG_WARN_ENUM_CONVERSION = YES;
				CLANG_WARN_INFINITE_RECURSION = YES;
				CLANG_WARN_INT_CONVERSION = YES;
				CLANG_WARN_NON_LITERAL_NULL_CONVERSION = YES;
				CLANG_WARN_OBJC_IMPLICIT_RETAIN_SELF = YES;
				CLANG_WARN_OBJC_LITERAL_CONVERSION = YES;
				CLANG_WARN_OBJC_ROOT_CLASS = YES_ERROR;
				CLANG_WARN_QUOTED_INCLUDE_IN_FRAMEWORK_HEADER = YES;
				CLANG_WARN_RANGE_LOOP_ANALYSIS = YES;
				CLANG_WARN_STRICT_PROTOTYPES = YES;
				CLANG_WARN_SUSPICIOUS_MOVE = YES;
				CLANG_WARN_UNGUARDED_AVAILABILITY = YES_AGGRESSIVE;
				CLANG_WARN_UNREACHABLE_CODE = YES;
				CLANG_WARN__DUPLICATE_METHOD_MATCH = YES;
				COPY_PHASE_STRIP = NO;
				DEBUG_INFORMATION_FORMAT = "dwarf-with-dsym";
				DEVELOPMENT_TEAM = 5N2QSWFYU6;
				ENABLE_NS_ASSERTIONS = NO;
				ENABLE_STRICT_OBJC_MSGSEND = YES;
				ENABLE_USER_SCRIPT_SANDBOXING = YES;
				GCC_C_LANGUAGE_STANDARD = gnu17;
				GCC_NO_COMMON_BLOCKS = YES;
				GCC_WARN_64_TO_32_BIT_CONVERSION = YES;
				GCC_WARN_ABOUT_RETURN_TYPE = YES_ERROR;
				GCC_WARN_UNDECLARED_SELECTOR = YES;
				GCC_WARN_UNINITIALIZED_AUTOS = YES_AGGRESSIVE;
				GCC_WARN_UNUSED_FUNCTION = YES;
				GCC_WARN_UNUSED_VARIABLE = YES;
				IPHONEOS_DEPLOYMENT_TARGET = 18.5;
				LOCALIZATION_PREFERS_STRING_CATALOGS = YES;
				MTL_ENABLE_DEBUG_INFO = NO;
				MTL_FAST_MATH = YES;
				SDKROOT = iphoneos;
				SWIFT_COMPILATION_MODE = wholemodule;
				VALIDATE_PRODUCT = YES;
			};
			name = Release;
		};
		0BD6E9C82E501BBF003B334B /* Debug */ = {
			isa = XCBuildConfiguration;
			buildSettings = {
				ASSETCATALOG_COMPILER_APPICON_NAME = AppIcon;
				ASSETCATALOG_COMPILER_GLOBAL_ACCENT_COLOR_NAME = AccentColor;
				CODE_SIGN_STYLE = Automatic;
				CURRENT_PROJECT_VERSION = 1;
				DEVELOPMENT_TEAM = 5N2QSWFYU6;
				ENABLE_PREVIEWS = YES;
				GENERATE_INFOPLIST_FILE = YES;
				INFOPLIST_KEY_UIApplicationSceneManifest_Generation = YES;
				INFOPLIST_KEY_UIApplicationSupportsIndirectInputEvents = YES;
				INFOPLIST_KEY_UILaunchScreen_Generation = YES;
				INFOPLIST_KEY_UISupportedInterfaceOrientations_iPad = "UIInterfaceOrientationPortrait UIInterfaceOrientationPortraitUpsideDown UIInterfaceOrientationLandscapeLeft UIInterfaceOrientationLandscapeRight";
				INFOPLIST_KEY_UISupportedInterfaceOrientations_iPhone = "UIInterfaceOrientationPortrait UIInterfaceOrientationLandscapeLeft UIInterfaceOrientationLandscapeRight";
				LD_RUNPATH_SEARCH_PATHS = (
					"$(inherited)",
					"@executable_path/Frameworks",
				);
				MARKETING_VERSION = 1.0;
				PRODUCT_BUNDLE_IDENTIFIER = cn.skstudio.multisiteprobe;
				PRODUCT_NAME = "$(TARGET_NAME)";
				SWIFT_EMIT_LOC_STRINGS = YES;
				SWIFT_VERSION = 5.0;
				TARGETED_DEVICE_FAMILY = "1,2";
			};
			name = Debug;
		};
		0BD6E9C92E501BBF003B334B /* Release */ = {
			isa = XCBuildConfiguration;
			buildSettings = {
				ASSETCATALOG_COMPILER_APPICON_NAME = AppIcon;
				ASSETCATALOG_COMPILER_GLOBAL_ACCENT_COLOR_NAME = AccentColor;
				CODE_SIGN_STYLE = Automatic;
				CURRENT_PROJECT_VERSION = 1;
				DEVELOPMENT_TEAM = 5N2QSWFYU6;
				ENABLE_PREVIEWS = YES;
				GENERATE_INFOPLIST_FILE = YES;
				INFOPLIST_KEY_UIApplicationSceneManifest_Generation = YES;
				INFOPLIST_KEY_UIApplicationSupportsIndirectInputEvents = YES;
				INFOPLIST_KEY_UILaunchScreen_Generation = YES;
				INFOPLIST_KEY_UISupportedInterfaceOrientations_iPad = "UIInterfaceOrientationPortrait UIInterfaceOrientationPortraitUpsideDown UIInterfaceOrientationLandscapeLeft UIInterfaceOrientationLandscapeRight";
				INFOPLIST_KEY_UISupportedInterfaceOrientations_iPhone = "UIInterfaceOrientationPortrait UIInterfaceOrientationLandscapeLeft UIInterfaceOrientationLandscapeRight";
				LD_RUNPATH_SEARCH_PATHS = (
					"$(inherited)",
					"@executable_path/Frameworks",
				);
				MARKETING_VERSION = 1.0;
				PRODUCT_BUNDLE_IDENTIFIER = cn.skstudio.multisiteprobe;
				PRODUCT_NAME = "$(TARGET_NAME)";
				SWIFT_EMIT_LOC_STRINGS = YES;
				SWIFT_VERSION = 5.0;
				TARGETED_DEVICE_FAMILY = "1,2";
			};
			name = Release;
		};
		0BD6E9CB2E501BBF003B334B /* Debug */ = {
			isa = XCBuildConfiguration;
			buildSettings = {
				BUNDLE_LOADER = "$(TEST_HOST)";
				CODE_SIGN_STYLE = Automatic;
				CURRENT_PROJECT_VERSION = 1;
				DEVELOPMENT_TEAM = 5N2QSWFYU6;
				GENERATE_INFOPLIST_FILE = YES;
				IPHONEOS_DEPLOYMENT_TARGET = 18.5;
				MARKETING_VERSION = 1.0;
				PRODUCT_BUNDLE_IDENTIFIER = cn.skstudio.multisiteprobeTests;
				PRODUCT_NAME = "$(TARGET_NAME)";
				SWIFT_EMIT_LOC_STRINGS = NO;
				SWIFT_VERSION = 5.0;
				TARGETED_DEVICE_FAMILY = "1,2";
				TEST_HOST = "$(BUILT_PRODUCTS_DIR)/multisiteprobe.app/$(BUNDLE_EXECUTABLE_FOLDER_PATH)/multisiteprobe";
			};
			name = Debug;
		};
		0BD6E9CC2E501BBF003B334B /* Release */ = {
			isa = XCBuildConfiguration;
			buildSettings = {
				BUNDLE_LOADER = "$(TEST_HOST)";
				CODE_SIGN_STYLE = Automatic;
				CURRENT_PROJECT_VERSION = 1;
				DEVELOPMENT_TEAM = 5N2QSWFYU6;
				GENERATE_INFOPLIST_FILE = YES;
				IPHONEOS_DEPLOYMENT_TARGET = 18.5;
				MARKETING_VERSION = 1.0;
				PRODUCT_BUNDLE_IDENTIFIER = cn.skstudio.multisiteprobeTests;
				PRODUCT_NAME = "$(TARGET_NAME)";
				SWIFT_EMIT_LOC_STRINGS = NO;
				SWIFT_VERSION = 5.0;
				TARGETED_DEVICE_FAMILY = "1,2";
				TEST_HOST = "$(BUILT_PRODUCTS_DIR)/multisiteprobe.app/$(BUNDLE_EXECUTABLE_FOLDER_PATH)/multisiteprobe";
			};
			name = Release;
		};
		0BD6E9CE2E501BBF003B334B /* Debug */ = {
			isa = XCBuildConfiguration;
			buildSettings = {
				CODE_SIGN_STYLE = Automatic;
				CURRENT_PROJECT_VERSION = 1;
				DEVELOPMENT_TEAM = 5N2QSWFYU6;
				GENERATE_INFOPLIST_FILE = YES;
				MARKETING_VERSION = 1.0;
				PRODUCT_BUNDLE_IDENTIFIER = cn.skstudio.multisiteprobeUITests;
				PRODUCT_NAME = "$(TARGET_NAME)";
				SWIFT_EMIT_LOC_STRINGS = NO;
				SWIFT_VERSION = 5.0;
				TARGETED_DEVICE_FAMILY = "1,2";
				TEST_TARGET_NAME = multisiteprobe;
			};
			name = Debug;
		};
		0BD6E9CF2E501BBF003B334B /* Release */ = {
			isa = XCBuildConfiguration;
			buildSettings = {
				CODE_SIGN_STYLE = Automatic;
				CURRENT_PROJECT_VERSION = 1;
				DEVELOPMENT_TEAM = 5N2QSWFYU6;
				GENERATE_INFOPLIST_FILE = YES;
				MARKETING_VERSION = 1.0;
				PRODUCT_BUNDLE_IDENTIFIER = cn.skstudio.multisiteprobeUITests;
				PRODUCT_NAME = "$(TARGET_NAME)";
				SWIFT_EMIT_LOC_STRINGS = NO;
				SWIFT_VERSION = 5.0;
				TARGETED_DEVICE_FAMILY = "1,2";
				TEST_TARGET_NAME = multisiteprobe;
			};
			name = Release;
		};
/* End XCBuildConfiguration section */

/* Begin XCConfigurationList section */
		0BD6E99F2E501BBE003B334B /* Build configuration list for PBXProject "multisiteprobe" */ = {
			isa = XCConfigurationList;
			buildConfigurations = (
				0BD6E9C52E501BBF003B334B /* Debug */,
				0BD6E9C62E501BBF003B334B /* Release */,
			);
			defaultConfigurationIsVisible = 0;
			defaultConfigurationName = Release;
		};
		0BD6E9C72E501BBF003B334B /* Build configuration list for PBXNativeTarget "multisiteprobe" */ = {
			isa = XCConfigurationList;
			buildConfigurations = (
				0BD6E9C82E501BBF003B334B /* Debug */,
				0BD6E9C92E501BBF003B334B /* Release */,
			);
			defaultConfigurationIsVisible = 0;
			defaultConfigurationName = Release;
		};
		0BD6E9CA2E501BBF003B334B /* Build configuration list for PBXNativeTarget "multisiteprobeTests" */ = {
			isa = XCConfigurationList;
			buildConfigurations = (
				0BD6E9CB2E501BBF003B334B /* Debug */,
				0BD6E9CC2E501BBF003B334B /* Release */,
			);
			defaultConfigurationIsVisible = 0;
			defaultConfigurationName = Release;
		};
		0BD6E9CD2E501BBF003B334B /* Build configuration list for PBXNativeTarget "multisiteprobeUITests" */ = {
			isa = XCConfigurationList;
			buildConfigurations = (
				0BD6E9CE2E501BBF003B334B /* Debug */,
				0BD6E9CF2E501BBF003B334B /* Release */,
			);
			defaultConfigurationIsVisible = 0;
			defaultConfigurationName = Release;
		};
/* End XCConfigurationList section */
	};
	rootObject = 0BD6E99C2E501BBE003B334B /* Project object */;
}
